
Microsoft Visual Studio Solution File, Format Version 12.00
# Visual Studio 15
Project("{FAE04EC0-301F-11D3-BF4B-00C04F79EFBC}") = "Assembly-CSharp", "Assembly-CSharp.csproj", "{9FCC493E-A827-009D-9044-415D45BD1DB0}"
EndProject
Project("{FAE04EC0-301F-11D3-BF4B-00C04F79EFBC}") = "Assembly-CSharp-Editor", "Assembly-CSharp-Editor.csproj", "{B557F1D8-58C7-49B0-24EE-2E72956B4ACE}"
EndProject
Global
	GlobalSection(SolutionConfigurationPlatforms) = preSolution
		Debug|Any CPU = Debug|Any CPU
		Release|Any CPU = Release|Any CPU
	EndGlobalSection
	GlobalSection(ProjectConfigurationPlatforms) = postSolution
		{9FCC493E-A827-009D-9044-415D45BD1DB0}.Debug|Any CPU.ActiveCfg = Debug|Any CPU
		{9FCC493E-A827-009D-9044-415D45BD1DB0}.Debug|Any CPU.Build.0 = Debug|Any CPU
		{9FCC493E-A827-009D-9044-415D45BD1DB0}.Release|Any CPU.ActiveCfg = Release|Any CPU
		{9FCC493E-A827-009D-9044-415D45BD1DB0}.Release|Any CPU.Build.0 = Release|Any CPU
		{B557F1D8-58C7-49B0-24EE-2E72956B4ACE}.Debug|Any CPU.ActiveCfg = Debug|Any CPU
		{B557F1D8-58C7-49B0-24EE-2E72956B4ACE}.Debug|Any CPU.Build.0 = Debug|Any CPU
		{B557F1D8-58C7-49B0-24EE-2E72956B4ACE}.Release|Any CPU.ActiveCfg = Release|Any CPU
		{B557F1D8-58C7-49B0-24EE-2E72956B4ACE}.Release|Any CPU.Build.0 = Release|Any CPU
	EndGlobalSection
	GlobalSection(SolutionProperties) = preSolution
		HideSolutionNode = FALSE
	EndGlobalSection
EndGlobal
